# THIS IS AN AUTOGENERATED FILE. DO NOT EDIT THIS FILE DIRECTLY.
# yarn lockfile v1


"@babel/parser@^7.24.7":
  "integrity" "sha512-9uUYRm6OqQrCqQdG1iCBwBPZgN8ciDBro2nIOFaiRz1/BCxaI7CNvQbDHvsArAC7Tw9Hda/B3U+6ui9u4HWXPw=="
  "resolved" "https://registry.npmjs.org/@babel/parser/-/parser-7.24.7.tgz"
  "version" "7.24.7"

"@ctrl/tinycolor@^3.4.1":
  "integrity" "sha512-SITSV6aIXsuVNV3f3O0f2n/cgyEDWoSqtZMYiAmcsYHydcKrOz3gUxB/iXd/Qf08+IZX4KpgNbvUdMBmWz+kcA=="
  "resolved" "https://registry.npmjs.org/@ctrl/tinycolor/-/tinycolor-3.6.1.tgz"
  "version" "3.6.1"

"@element-plus/icons-vue@^2.3.1":
  "integrity" "sha512-XxVUZv48RZAd87ucGS48jPf6pKu0yV5UCg9f4FFwtrYxXOwWuVJo6wOvSLKEoMQKjv8GsX/mhP6UsC1lRwbUWg=="
  "resolved" "https://registry.npmjs.org/@element-plus/icons-vue/-/icons-vue-2.3.1.tgz"
  "version" "2.3.1"

"@element-plus/icons-vue@2.1.0":
  "integrity" "sha512-PSBn3elNoanENc1vnCfh+3WA9fimRC7n+fWkf3rE5jvv+aBohNHABC/KAR5KWPecxWxDTVT1ERpRbOMRcOV/vA=="
  "resolved" "https://registry.npmjs.org/@element-plus/icons-vue/-/icons-vue-2.1.0.tgz"
  "version" "2.1.0"

"@esbuild/win32-x64@0.18.20":
  "integrity" "sha512-kTdfRcSiDfQca/y9QIkng02avJ+NCaQvrMejlsB3RRv5sE9rRoeBPISaZpKxHELzRxZyLvNts1P27W3wV+8geQ=="
  "resolved" "https://registry.npmjs.org/@esbuild/win32-x64/-/win32-x64-0.18.20.tgz"
  "version" "0.18.20"

"@floating-ui/core@^1.0.0":
  "integrity" "sha512-1ZpCvYf788/ZXOhRQGFxnYQOVgeU+pi0i+d0Ow34La7qjIXETi6RNswGVKkA6KcDO8/+Ysu2E/CeUmmeEBDvTg=="
  "resolved" "https://registry.npmjs.org/@floating-ui/core/-/core-1.6.3.tgz"
  "version" "1.6.3"
  dependencies:
    "@floating-ui/utils" "^0.2.3"

"@floating-ui/dom@^1.0.1":
  "integrity" "sha512-qiTYajAnh3P+38kECeffMSQgbvXty2VB6rS+42iWR4FPIlZjLK84E9qtLnMTLIpPz2znD/TaFqaiavMUrS+Hcw=="
  "resolved" "https://registry.npmjs.org/@floating-ui/dom/-/dom-1.6.6.tgz"
  "version" "1.6.6"
  dependencies:
    "@floating-ui/core" "^1.0.0"
    "@floating-ui/utils" "^0.2.3"

"@floating-ui/utils@^0.2.3":
  "integrity" "sha512-XGndio0l5/Gvd6CLIABvsav9HHezgDFFhDfHk1bvLfr9ni8dojqLSvBbotJEjmIwNHL7vK4QzBJTdBRoB+c1ww=="
  "resolved" "https://registry.npmjs.org/@floating-ui/utils/-/utils-0.2.3.tgz"
  "version" "0.2.3"

"@jridgewell/sourcemap-codec@^1.4.15":
  "integrity" "sha512-eF2rxCRulEKXHTRiDrDy6erMYWqNw4LPdQ8UQA4huuxaQsVeRPFl2oM8oDGxMFhJUWZf9McpLtJasDDZb/Bpeg=="
  "resolved" "https://registry.npmjs.org/@jridgewell/sourcemap-codec/-/sourcemap-codec-1.4.15.tgz"
  "version" "1.4.15"

"@popperjs/core@npm:@sxzz/popperjs-es@^2.11.7":
  "integrity" "sha512-Ccy0NlLkzr0Ex2FKvh2X+OyERHXJ88XJ1MXtsI9y9fGexlaXaVTPzBCRBwIxFkORuOb+uBqeu+RqnpgYTEZRUQ=="
  "resolved" "https://registry.npmjs.org/@sxzz/popperjs-es/-/popperjs-es-2.11.7.tgz"
  "version" "2.11.7"

"@types/lodash-es@*", "@types/lodash-es@^4.17.6":
  "integrity" "sha512-0NgftHUcV4v34VhXm8QBSftKVXtbkBG3ViCjs6+eJ5a6y6Mi/jiFGPc1sC7QK+9BFhWrURE3EOggmWaSxL9OzQ=="
  "resolved" "https://registry.npmjs.org/@types/lodash-es/-/lodash-es-4.17.12.tgz"
  "version" "4.17.12"
  dependencies:
    "@types/lodash" "*"

"@types/lodash@*", "@types/lodash@^4.14.182":
  "integrity" "sha512-MBIOHVZqVqgfro1euRDWX7OO0fBVUUMrN6Pwm8LQsz8cWhEpihlvR70ENj3f40j58TNxZaWv2ndSkInykNBBJw=="
  "resolved" "https://registry.npmjs.org/@types/lodash/-/lodash-4.17.5.tgz"
  "version" "4.17.5"

"@types/web-bluetooth@^0.0.16":
  "integrity" "sha512-oh8q2Zc32S6gd/j50GowEjKLoOVOwHP/bWVjKJInBwQqdOYMdPrf1oVlelTlyfFK3CKxL1uahMDAr+vy8T7yMQ=="
  "resolved" "https://registry.npmjs.org/@types/web-bluetooth/-/web-bluetooth-0.0.16.tgz"
  "version" "0.0.16"

"@vitejs/plugin-vue@^4.0.0":
  "integrity" "sha512-kqf7SGFoG+80aZG6Pf+gsZIVvGSCKE98JbiWqcCV9cThtg91Jav0yvYFC9Zb+jKetNGF6ZKeoaxgZfND21fWKw=="
  "resolved" "https://registry.npmjs.org/@vitejs/plugin-vue/-/plugin-vue-4.6.2.tgz"
  "version" "4.6.2"

"@volar/language-core@~1.11.1", "@volar/language-core@1.11.1":
  "integrity" "sha512-dOcNn3i9GgZAcJt43wuaEykSluAuOkQgzni1cuxLxTV0nJKanQztp7FxyswdRILaKH+P2XZMPRp2S4MV/pElCw=="
  "resolved" "https://registry.npmjs.org/@volar/language-core/-/language-core-1.11.1.tgz"
  "version" "1.11.1"
  dependencies:
    "@volar/source-map" "1.11.1"

"@volar/source-map@~1.11.1", "@volar/source-map@1.11.1":
  "integrity" "sha512-hJnOnwZ4+WT5iupLRnuzbULZ42L7BWWPMmruzwtLhJfpDVoZLjNBxHDi2sY2bgZXCKlpU5XcsMFoYrsQmPhfZg=="
  "resolved" "https://registry.npmjs.org/@volar/source-map/-/source-map-1.11.1.tgz"
  "version" "1.11.1"
  dependencies:
    "muggle-string" "^0.3.1"

"@volar/typescript@~1.11.1":
  "integrity" "sha512-iU+t2mas/4lYierSnoFOeRFQUhAEMgsFuQxoxvwn5EdQopw43j+J27a4lt9LMInx1gLJBC6qL14WYGlgymaSMQ=="
  "resolved" "https://registry.npmjs.org/@volar/typescript/-/typescript-1.11.1.tgz"
  "version" "1.11.1"
  dependencies:
    "@volar/language-core" "1.11.1"
    "path-browserify" "^1.0.1"

"@vue/compiler-core@3.4.30":
  "integrity" "sha512-ZL8y4Xxdh8O6PSwfdZ1IpQ24PjTAieOz3jXb/MDTfDtANcKBMxg1KLm6OX2jofsaQGYfIVzd3BAG22i56/cF1w=="
  "resolved" "https://registry.npmjs.org/@vue/compiler-core/-/compiler-core-3.4.30.tgz"
  "version" "3.4.30"
  dependencies:
    "@babel/parser" "^7.24.7"
    "@vue/shared" "3.4.30"
    "entities" "^4.5.0"
    "estree-walker" "^2.0.2"
    "source-map-js" "^1.2.0"

"@vue/compiler-dom@^3.3.0", "@vue/compiler-dom@3.4.30":
  "integrity" "sha512-+16Sd8lYr5j/owCbr9dowcNfrHd+pz+w2/b5Lt26Oz/kB90C9yNbxQ3bYOvt7rI2bxk0nqda39hVcwDFw85c2Q=="
  "resolved" "https://registry.npmjs.org/@vue/compiler-dom/-/compiler-dom-3.4.30.tgz"
  "version" "3.4.30"
  dependencies:
    "@vue/compiler-core" "3.4.30"
    "@vue/shared" "3.4.30"

"@vue/compiler-sfc@3.4.30":
  "integrity" "sha512-8vElKklHn/UY8+FgUFlQrYAPbtiSB2zcgeRKW7HkpSRn/JjMRmZvuOtwDx036D1aqKNSTtXkWRfqx53Qb+HmMg=="
  "resolved" "https://registry.npmjs.org/@vue/compiler-sfc/-/compiler-sfc-3.4.30.tgz"
  "version" "3.4.30"
  dependencies:
    "@babel/parser" "^7.24.7"
    "@vue/compiler-core" "3.4.30"
    "@vue/compiler-dom" "3.4.30"
    "@vue/compiler-ssr" "3.4.30"
    "@vue/shared" "3.4.30"
    "estree-walker" "^2.0.2"
    "magic-string" "^0.30.10"
    "postcss" "^8.4.38"
    "source-map-js" "^1.2.0"

"@vue/compiler-ssr@3.4.30":
  "integrity" "sha512-ZJ56YZGXJDd6jky4mmM0rNaNP6kIbQu9LTKZDhcpddGe/3QIalB1WHHmZ6iZfFNyj5mSypTa4+qDJa5VIuxMSg=="
  "resolved" "https://registry.npmjs.org/@vue/compiler-ssr/-/compiler-ssr-3.4.30.tgz"
  "version" "3.4.30"
  dependencies:
    "@vue/compiler-dom" "3.4.30"
    "@vue/shared" "3.4.30"

"@vue/language-core@1.8.27":
  "integrity" "sha512-L8Kc27VdQserNaCUNiSFdDl9LWT24ly8Hpwf1ECy3aFb9m6bDhBGQYOujDm21N7EW3moKIOKEanQwe1q5BK+mA=="
  "resolved" "https://registry.npmjs.org/@vue/language-core/-/language-core-1.8.27.tgz"
  "version" "1.8.27"
  dependencies:
    "@volar/language-core" "~1.11.1"
    "@volar/source-map" "~1.11.1"
    "@vue/compiler-dom" "^3.3.0"
    "@vue/shared" "^3.3.0"
    "computeds" "^0.0.1"
    "minimatch" "^9.0.3"
    "muggle-string" "^0.3.1"
    "path-browserify" "^1.0.1"
    "vue-template-compiler" "^2.7.14"

"@vue/reactivity@3.4.30":
  "integrity" "sha512-bVJurnCe3LS0JII8PPoAA63Zd2MBzcKrEzwdQl92eHCcxtIbxD2fhNwJpa+KkM3Y/A4T5FUnmdhgKwOf6BfbcA=="
  "resolved" "https://registry.npmjs.org/@vue/reactivity/-/reactivity-3.4.30.tgz"
  "version" "3.4.30"
  dependencies:
    "@vue/shared" "3.4.30"

"@vue/runtime-core@3.4.30":
  "integrity" "sha512-qaFEbnNpGz+tlnkaualomogzN8vBLkgzK55uuWjYXbYn039eOBZrWxyXWq/7qh9Bz2FPifZqGjVDl/FXiq9L2g=="
  "resolved" "https://registry.npmjs.org/@vue/runtime-core/-/runtime-core-3.4.30.tgz"
  "version" "3.4.30"
  dependencies:
    "@vue/reactivity" "3.4.30"
    "@vue/shared" "3.4.30"

"@vue/runtime-dom@3.4.30":
  "integrity" "sha512-tV6B4YiZRj5QsaJgw2THCy5C1H+2UeywO9tqgWEc21tn85qHEERndHN/CxlyXvSBFrpmlexCIdnqPuR9RM9thw=="
  "resolved" "https://registry.npmjs.org/@vue/runtime-dom/-/runtime-dom-3.4.30.tgz"
  "version" "3.4.30"
  dependencies:
    "@vue/reactivity" "3.4.30"
    "@vue/runtime-core" "3.4.30"
    "@vue/shared" "3.4.30"
    "csstype" "^3.1.3"

"@vue/server-renderer@3.4.30":
  "integrity" "sha512-TBD3eqR1DeDc0cMrXS/vEs/PWzq1uXxnvjoqQuDGFIEHFIwuDTX/KWAQKIBjyMWLFHEeTDGYVsYci85z2UbTDg=="
  "resolved" "https://registry.npmjs.org/@vue/server-renderer/-/server-renderer-3.4.30.tgz"
  "version" "3.4.30"
  dependencies:
    "@vue/compiler-ssr" "3.4.30"
    "@vue/shared" "3.4.30"

"@vue/shared@^3.3.0", "@vue/shared@3.4.30":
  "integrity" "sha512-CLg+f8RQCHQnKvuHY9adMsMaQOcqclh6Z5V9TaoMgy0ut0tz848joZ7/CYFFyF/yZ5i2yaw7Fn498C+CNZVHIg=="
  "resolved" "https://registry.npmjs.org/@vue/shared/-/shared-3.4.30.tgz"
  "version" "3.4.30"

"@vueuse/core@^9.1.0":
  "integrity" "sha512-pujnclbeHWxxPRqXWmdkKV5OX4Wk4YeK7wusHqRwU0Q7EFusHoqNA/aPhB6KCh9hEqJkLAJo7bb0Lh9b+OIVzw=="
  "resolved" "https://registry.npmjs.org/@vueuse/core/-/core-9.13.0.tgz"
  "version" "9.13.0"
  dependencies:
    "@types/web-bluetooth" "^0.0.16"
    "@vueuse/metadata" "9.13.0"
    "@vueuse/shared" "9.13.0"
    "vue-demi" "*"

"@vueuse/metadata@9.13.0":
  "integrity" "sha512-gdU7TKNAUVlXXLbaF+ZCfte8BjRJQWPCa2J55+7/h+yDtzw3vOoGQDRXzI6pyKyo6bXFT5/QoPE4hAknExjRLQ=="
  "resolved" "https://registry.npmjs.org/@vueuse/metadata/-/metadata-9.13.0.tgz"
  "version" "9.13.0"

"@vueuse/shared@9.13.0":
  "integrity" "sha512-UrnhU+Cnufu4S6JLCPZnkWh0WwZGUp72ktOF2DFptMlOs3TOdVv8xJN53zhHGARmVOsz5KqOls09+J1NR6sBKw=="
  "resolved" "https://registry.npmjs.org/@vueuse/shared/-/shared-9.13.0.tgz"
  "version" "9.13.0"
  dependencies:
    "vue-demi" "*"

"async-validator@^4.2.5":
  "integrity" "sha512-7HhHjtERjqlNbZtqNqy2rckN/SpOOlmDliet+lP7k+eKZEjPk3DgyeU9lIXLdeLz0uBbbVp+9Qdow9wJWgwwfg=="
  "resolved" "https://registry.npmjs.org/async-validator/-/async-validator-4.2.5.tgz"
  "version" "4.2.5"

"balanced-match@^1.0.0":
  "integrity" "sha512-3oSeUO0TMV67hN1AmbXsK4yaqU7tjiHlbxRDZOpH0KW9+CeX4bRAaX0Anxt0tx2MrpRpWwQaPwIlISEJhYU5Pw=="
  "resolved" "https://registry.npmjs.org/balanced-match/-/balanced-match-1.0.2.tgz"
  "version" "1.0.2"

"brace-expansion@^2.0.1":
  "integrity" "sha512-XnAIvQ8eM+kC6aULx6wuQiwVsnzsi9d3WxzV3FpWTGA19F621kwdbsAcFKXgKUHZWsy+mY6iL1sHTxWEFCytDA=="
  "resolved" "https://registry.npmjs.org/brace-expansion/-/brace-expansion-2.0.1.tgz"
  "version" "2.0.1"
  dependencies:
    "balanced-match" "^1.0.0"

"computeds@^0.0.1":
  "integrity" "sha512-7CEBgcMjVmitjYo5q8JTJVra6X5mQ20uTThdK+0kR7UEaDrAWEQcRiBtWJzga4eRpP6afNwwLsX2SET2JhVB1Q=="
  "resolved" "https://registry.npmjs.org/computeds/-/computeds-0.0.1.tgz"
  "version" "0.0.1"

"csstype@^3.1.3":
  "integrity" "sha512-M1uQkMl8rQK/szD0LNhtqxIPLpimGm8sOBwU7lLnCpSbTyY3yeU1Vc7l4KT5zT4s/yOxHH5O7tIuuLOCnLADRw=="
  "resolved" "https://registry.npmjs.org/csstype/-/csstype-3.1.3.tgz"
  "version" "3.1.3"

"dayjs@^1.11.3":
  "integrity" "sha512-okzr3f11N6WuqYtZSvm+F776mB41wRZMhKP+hc34YdW+KmtYYK9iqvHSwo2k9FEH3fhGXvOPV6yz2IcSrfRUDg=="
  "resolved" "https://registry.npmjs.org/dayjs/-/dayjs-1.11.11.tgz"
  "version" "1.11.11"

"de-indent@^1.0.2":
  "integrity" "sha512-e/1zu3xH5MQryN2zdVaF0OrdNLUbvWxzMbi+iNA6Bky7l1RoP8a2fIbRocyHclXt/arDrrR6lL3TqFD9pMQTsg=="
  "resolved" "https://registry.npmjs.org/de-indent/-/de-indent-1.0.2.tgz"
  "version" "1.0.2"

"demo-component@file:../../../../../Project/libtemplate":
  "resolved" "file:../../../../../Project/libtemplate"
  "version" "1.0.0"
  dependencies:
    "axios" "^1.7.2"
    "element-plus" "^2.7.3"
    "moment" "^2.30.1"
    "vue" "^3.4.27"
    "vue-router" "^4.3.2"

"element-plus@2.6.1":
  "integrity" "sha512-6VRpLjwtIVdtUuITJPPKtpOH1NM6nuAkRE3q5O4Lrx0N1bYMhTkiqb2Jy7zfQuDPbOIkkF2OABTzegpNnzgsnQ=="
  "resolved" "https://registry.npmjs.org/element-plus/-/element-plus-2.6.1.tgz"
  "version" "2.6.1"
  dependencies:
    "@ctrl/tinycolor" "^3.4.1"
    "@element-plus/icons-vue" "^2.3.1"
    "@floating-ui/dom" "^1.0.1"
    "@popperjs/core" "npm:@sxzz/popperjs-es@^2.11.7"
    "@types/lodash" "^4.14.182"
    "@types/lodash-es" "^4.17.6"
    "@vueuse/core" "^9.1.0"
    "async-validator" "^4.2.5"
    "dayjs" "^1.11.3"
    "escape-html" "^1.0.3"
    "lodash" "^4.17.21"
    "lodash-es" "^4.17.21"
    "lodash-unified" "^1.0.2"
    "memoize-one" "^6.0.0"
    "normalize-wheel-es" "^1.2.0"

"entities@^4.5.0":
  "integrity" "sha512-V0hjH4dGPh9Ao5p0MoRY6BVqtwCjhz6vI5LT8AJ55H+4g9/4vbHx1I54fS0XuclLhDHArPQCiMjDxjaL8fPxhw=="
  "resolved" "https://registry.npmjs.org/entities/-/entities-4.5.0.tgz"
  "version" "4.5.0"

"esbuild@^0.18.10":
  "integrity" "sha512-ceqxoedUrcayh7Y7ZX6NdbbDzGROiyVBgC4PriJThBKSVPWnnFHZAkfI1lJT8QFkOwH4qOS2SJkS4wvpGl8BpA=="
  "resolved" "https://registry.npmjs.org/esbuild/-/esbuild-0.18.20.tgz"
  "version" "0.18.20"
  optionalDependencies:
    "@esbuild/android-arm" "0.18.20"
    "@esbuild/android-arm64" "0.18.20"
    "@esbuild/android-x64" "0.18.20"
    "@esbuild/darwin-arm64" "0.18.20"
    "@esbuild/darwin-x64" "0.18.20"
    "@esbuild/freebsd-arm64" "0.18.20"
    "@esbuild/freebsd-x64" "0.18.20"
    "@esbuild/linux-arm" "0.18.20"
    "@esbuild/linux-arm64" "0.18.20"
    "@esbuild/linux-ia32" "0.18.20"
    "@esbuild/linux-loong64" "0.18.20"
    "@esbuild/linux-mips64el" "0.18.20"
    "@esbuild/linux-ppc64" "0.18.20"
    "@esbuild/linux-riscv64" "0.18.20"
    "@esbuild/linux-s390x" "0.18.20"
    "@esbuild/linux-x64" "0.18.20"
    "@esbuild/netbsd-x64" "0.18.20"
    "@esbuild/openbsd-x64" "0.18.20"
    "@esbuild/sunos-x64" "0.18.20"
    "@esbuild/win32-arm64" "0.18.20"
    "@esbuild/win32-ia32" "0.18.20"
    "@esbuild/win32-x64" "0.18.20"

"escape-html@^1.0.3":
  "integrity" "sha512-NiSupZ4OeuGwr68lGIeym/ksIZMJodUGOSCZ/FSnTxcrekbvqrgdUxlJOMpijaKZVjAJrWrGs/6Jy8OMuyj9ow=="
  "resolved" "https://registry.npmjs.org/escape-html/-/escape-html-1.0.3.tgz"
  "version" "1.0.3"

"estree-walker@^2.0.2":
  "integrity" "sha512-Rfkk/Mp/DL7JVje3u18FxFujQlTNR2q6QfMSMB7AvCBx91NGj/ba3kCfza0f6dVDbw7YlRf/nDrn7pQrCCyQ/w=="
  "resolved" "https://registry.npmjs.org/estree-walker/-/estree-walker-2.0.2.tgz"
  "version" "2.0.2"

"he@^1.2.0":
  "integrity" "sha512-F/1DnUGPopORZi0ni+CvrCgHQ5FyEAHRLSApuYWMmrbSwoN2Mn/7k+Gl38gJnR7yyDZk6WLXwiGod1JOWNDKGw=="
  "resolved" "https://registry.npmjs.org/he/-/he-1.2.0.tgz"
  "version" "1.2.0"

"lodash-es@*", "lodash-es@^4.17.21":
  "integrity" "sha512-mKnC+QJ9pWVzv+C4/U3rRsHapFfHvQFoFB92e52xeyGMcX6/OlIl78je1u8vePzYZSkkogMPJ2yjxxsb89cxyw=="
  "resolved" "https://registry.npmjs.org/lodash-es/-/lodash-es-4.17.21.tgz"
  "version" "4.17.21"

"lodash-unified@^1.0.2":
  "integrity" "sha512-WK9qSozxXOD7ZJQlpSqOT+om2ZfcT4yO+03FuzAHD0wF6S0l0090LRPDx3vhTTLZ8cFKpBn+IOcVXK6qOcIlfQ=="
  "resolved" "https://registry.npmjs.org/lodash-unified/-/lodash-unified-1.0.3.tgz"
  "version" "1.0.3"

"lodash@*", "lodash@^4.17.21":
  "integrity" "sha512-v2kDEe57lecTulaDIuNTPy3Ry4gLGJ6Z1O3vE1krgXZNrsQ+LFTGHVxVjcXPs17LhbZVGedAJv8XZ1tvj5FvSg=="
  "resolved" "https://registry.npmjs.org/lodash/-/lodash-4.17.21.tgz"
  "version" "4.17.21"

"magic-string@^0.30.10":
  "integrity" "sha512-iIRwTIf0QKV3UAnYK4PU8uiEc4SRh5jX0mwpIwETPpHdhVM4f53RSwS/vXvN1JhGX+Cs7B8qIq3d6AH49O5fAQ=="
  "resolved" "https://registry.npmjs.org/magic-string/-/magic-string-0.30.10.tgz"
  "version" "0.30.10"
  dependencies:
    "@jridgewell/sourcemap-codec" "^1.4.15"

"memoize-one@^6.0.0":
  "integrity" "sha512-rkpe71W0N0c0Xz6QD0eJETuWAJGnJ9afsl1srmwPrI+yBCkge5EycXXbYRyvL29zZVUWQCY7InPRCv3GDXuZNw=="
  "resolved" "https://registry.npmjs.org/memoize-one/-/memoize-one-6.0.0.tgz"
  "version" "6.0.0"

"minimatch@^9.0.3":
  "integrity" "sha512-G6T0ZX48xgozx7587koeX9Ys2NYy6Gmv//P89sEte9V9whIapMNF4idKxnW2QtCcLiTWlb/wfCabAtAFWhhBow=="
  "resolved" "https://registry.npmjs.org/minimatch/-/minimatch-9.0.5.tgz"
  "version" "9.0.5"
  dependencies:
    "brace-expansion" "^2.0.1"

"moment@^2.30.1":
  "integrity" "sha512-uEmtNhbDOrWPFS+hdjFCBfy9f2YoyzRpwcl+DqpC6taX21FzsTLQVbMV/W7PzNSX6x/bhC1zA3c2UQ5NzH6how=="
  "resolved" "https://registry.npmjs.org/moment/-/moment-2.30.1.tgz"
  "version" "2.30.1"

"muggle-string@^0.3.1":
  "integrity" "sha512-ckmWDJjphvd/FvZawgygcUeQCxzvohjFO5RxTjj4eq8kw359gFF3E1brjfI+viLMxss5JrHTDRHZvu2/tuy0Qg=="
  "resolved" "https://registry.npmjs.org/muggle-string/-/muggle-string-0.3.1.tgz"
  "version" "0.3.1"

"nanoid@^3.3.7":
  "integrity" "sha512-eSRppjcPIatRIMC1U6UngP8XFcz8MQWGQdt1MTBQ7NaAmvXDfvNxbvWV3x2y6CdEUciCSsDHDQZbhYaB8QEo2g=="
  "resolved" "https://registry.npmjs.org/nanoid/-/nanoid-3.3.7.tgz"
  "version" "3.3.7"

"normalize-wheel-es@^1.2.0":
  "integrity" "sha512-Wj7+EJQ8mSuXr2iWfnujrimU35R2W4FAErEyTmJoJ7ucwTn2hOUSsRehMb5RSYkxXGTM7Y9QpvPmp++w5ftoJw=="
  "resolved" "https://registry.npmjs.org/normalize-wheel-es/-/normalize-wheel-es-1.2.0.tgz"
  "version" "1.2.0"

"path-browserify@^1.0.1":
  "integrity" "sha512-b7uo2UCUOYZcnF/3ID0lulOJi/bafxa1xPe7ZPsammBSpjSWQkjNxlt635YGS2MiR9GjvuXCtz2emr3jbsz98g=="
  "resolved" "https://registry.npmjs.org/path-browserify/-/path-browserify-1.0.1.tgz"
  "version" "1.0.1"

"picocolors@^1.0.0":
  "integrity" "sha512-anP1Z8qwhkbmu7MFP5iTt+wQKXgwzf7zTyGlcdzabySa9vd0Xt392U0rVmz9poOaBj0uHJKyyo9/upk0HrEQew=="
  "resolved" "https://registry.npmjs.org/picocolors/-/picocolors-1.0.1.tgz"
  "version" "1.0.1"

"postcss@^8.4.27", "postcss@^8.4.38":
  "integrity" "sha512-Wglpdk03BSfXkHoQa3b/oulrotAkwrlLDRSOb9D0bN86FdRyE9lppSp33aHNPgBa0JKCoB+drFLZkQoRRYae5A=="
  "resolved" "https://registry.npmjs.org/postcss/-/postcss-8.4.38.tgz"
  "version" "8.4.38"
  dependencies:
    "nanoid" "^3.3.7"
    "picocolors" "^1.0.0"
    "source-map-js" "^1.2.0"

"rollup@^3.27.1":
  "integrity" "sha512-oWzmBZwvYrU0iJHtDmhsm662rC15FRXmcjCk1xD771dFDx5jJ02ufAQQTn0etB2emNk4J9EZg/yWKpsn9BWGRw=="
  "resolved" "https://registry.npmjs.org/rollup/-/rollup-3.29.4.tgz"
  "version" "3.29.4"
  optionalDependencies:
    "fsevents" "~2.3.2"

"semver@^7.5.4":
  "integrity" "sha512-FNAIBWCx9qcRhoHcgcJ0gvU7SN1lYU2ZXuSfl04bSC5OpvDHFyJCjdNHomPXxjQlCBU67YW64PzY7/VIEH7F2w=="
  "resolved" "https://registry.npmjs.org/semver/-/semver-7.6.2.tgz"
  "version" "7.6.2"

"source-map-js@^1.2.0":
  "integrity" "sha512-itJW8lvSA0TXEphiRoawsCksnlf8SyvmFzIhltqAHluXd88pkCd+cXJVHTDwdCr0IzwptSm035IHQktUu1QUMg=="
  "resolved" "https://registry.npmjs.org/source-map-js/-/source-map-js-1.2.0.tgz"
  "version" "1.2.0"

"typescript@*", "typescript@^4.9.3":
  "integrity" "sha512-1FXk9E2Hm+QzZQ7z+McJiHL4NW1F2EzMu9Nq9i3zAaGqibafqYwCVU6WyWAuyQRRzOlxou8xZSyXLEN8oKj24g=="
  "resolved" "https://registry.npmjs.org/typescript/-/typescript-4.9.5.tgz"
  "version" "4.9.5"

"vite@^4.0.0 || ^5.0.0", "vite@^4.1.0":
  "integrity" "sha512-kQL23kMeX92v3ph7IauVkXkikdDRsYMGTVl5KY2E9OY4ONLvkHf04MDTbnfo6NKxZiDLWzVpP5oTa8hQD8U3dg=="
  "resolved" "https://registry.npmjs.org/vite/-/vite-4.5.3.tgz"
  "version" "4.5.3"
  dependencies:
    "esbuild" "^0.18.10"
    "postcss" "^8.4.27"
    "rollup" "^3.27.1"
  optionalDependencies:
    "fsevents" "~2.3.2"

"vue-demi@*":
  "integrity" "sha512-Uuqnk9YE9SsWeReYqK2alDI5YzciATE0r2SkA6iMAtuXvNTMNACJLJEXNXaEy94ECuBe4Sk6RzRU80kjdbIo1Q=="
  "resolved" "https://registry.npmjs.org/vue-demi/-/vue-demi-0.14.8.tgz"
  "version" "0.14.8"

"vue-template-compiler@^2.7.14":
  "integrity" "sha512-AYbUWAJHLGGQM7+cNTELw+KsOG9nl2CnSv467WobS5Cv9uk3wFcnr1Etsz2sEIHEZvw1U+o9mRlEO6QbZvUPGQ=="
  "resolved" "https://registry.npmjs.org/vue-template-compiler/-/vue-template-compiler-2.7.16.tgz"
  "version" "2.7.16"
  dependencies:
    "de-indent" "^1.0.2"
    "he" "^1.2.0"

"vue-tsc@^1.0.24":
  "integrity" "sha512-WesKCAZCRAbmmhuGl3+VrdWItEvfoFIPXOvUJkjULi+x+6G/Dy69yO3TBRJDr9eUlmsNAwVmxsNZxvHKzbkKdg=="
  "resolved" "https://registry.npmjs.org/vue-tsc/-/vue-tsc-1.8.27.tgz"
  "version" "1.8.27"
  dependencies:
    "@volar/typescript" "~1.11.1"
    "@vue/language-core" "1.8.27"
    "semver" "^7.5.4"

"vue@^3.0.0-0 || ^2.6.0", "vue@^3.2.0", "vue@^3.2.25", "vue@^3.2.45", "vue@3.4.30":
  "integrity" "sha512-NcxtKCwkdf1zPsr7Y8+QlDBCGqxvjLXF2EX+yi76rV5rrz90Y6gK1cq0olIhdWGgrlhs9ElHuhi9t3+W5sG5Xw=="
  "resolved" "https://registry.npmjs.org/vue/-/vue-3.4.30.tgz"
  "version" "3.4.30"
  dependencies:
    "@vue/compiler-dom" "3.4.30"
    "@vue/compiler-sfc" "3.4.30"
    "@vue/runtime-dom" "3.4.30"
    "@vue/server-renderer" "3.4.30"
    "@vue/shared" "3.4.30"
